# This file is automatically @generated by Poetry 1.8.3 and should not be changed by hand.

[[package]]
name = "equinox"
version = "0.11.4"
description = "Elegant easy-to-use neural networks in JAX."
optional = false
python-versions = "~=3.9"
files = [
    {file = "equinox-0.11.4-py3-none-any.whl", hash = "sha256:a9527b1fe0c4778c3c959d9091b1eea28c3fdcca01790a47e71b47df94889315"},
    {file = "equinox-0.11.4.tar.gz", hash = "sha256:0033d9731083f402a855b12a0777a80aa8507651f7aa86d9f0f9503bcddfd320"},
]

[package.dependencies]
jax = ">=0.4.13"
jaxtyping = ">=0.2.20"
typing-extensions = ">=4.5.0"

[[package]]
name = "jax"
version = "0.4.28"
description = "Differentiate, compile, and transform Numpy code."
optional = false
python-versions = ">=3.9"
files = [
    {file = "jax-0.4.28-py3-none-any.whl", hash = "sha256:6a181e6b5a5b1140e19cdd2d5c4aa779e4cb4ec627757b918be322d8e81035ba"},
    {file = "jax-0.4.28.tar.gz", hash = "sha256:dcf0a44aff2e1713f0a2b369281cd5b79d8c18fc1018905c4125897cb06b37e9"},
]

[package.dependencies]
ml-dtypes = ">=0.2.0"
numpy = [
    {version = ">=1.26.0", markers = "python_version >= \"3.12\""},
    {version = ">=1.23.2", markers = "python_version >= \"3.11\" and python_version < \"3.12\""},
]
opt-einsum = "*"
scipy = [
    {version = ">=1.11.1", markers = "python_version >= \"3.12\""},
    {version = ">=1.9", markers = "python_version < \"3.12\""},
]

[package.extras]
australis = ["protobuf (>=3.13,<4)"]
ci = ["jaxlib (==0.4.27)"]
cpu = ["jaxlib (==0.4.28)"]
cuda = ["jaxlib (==0.4.28+cuda12.cudnn89)"]
cuda12 = ["jax-cuda12-plugin (==0.4.28)", "jaxlib (==0.4.28)", "nvidia-cublas-cu12 (>=12.1.3.1)", "nvidia-cuda-cupti-cu12 (>=12.1.105)", "nvidia-cuda-nvcc-cu12 (>=12.1.105)", "nvidia-cuda-runtime-cu12 (>=12.1.105)", "nvidia-cudnn-cu12 (>=8.9.2.26,<9.0)", "nvidia-cufft-cu12 (>=11.0.2.54)", "nvidia-cusolver-cu12 (>=11.4.5.107)", "nvidia-cusparse-cu12 (>=12.1.0.106)", "nvidia-nccl-cu12 (>=2.18.1)", "nvidia-nvjitlink-cu12 (>=12.1.105)"]
cuda12-cudnn89 = ["jaxlib (==0.4.28+cuda12.cudnn89)"]
cuda12-local = ["jaxlib (==0.4.28+cuda12.cudnn89)"]
cuda12-pip = ["jaxlib (==0.4.28+cuda12.cudnn89)", "nvidia-cublas-cu12 (>=12.1.3.1)", "nvidia-cuda-cupti-cu12 (>=12.1.105)", "nvidia-cuda-nvcc-cu12 (>=12.1.105)", "nvidia-cuda-runtime-cu12 (>=12.1.105)", "nvidia-cudnn-cu12 (>=8.9.2.26,<9.0)", "nvidia-cufft-cu12 (>=11.0.2.54)", "nvidia-cusolver-cu12 (>=11.4.5.107)", "nvidia-cusparse-cu12 (>=12.1.0.106)", "nvidia-nccl-cu12 (>=2.18.1)", "nvidia-nvjitlink-cu12 (>=12.1.105)"]
minimum-jaxlib = ["jaxlib (==0.4.27)"]
tpu = ["jaxlib (==0.4.28)", "libtpu-nightly (==0.1.dev20240508)", "requests"]

[[package]]
name = "jaxtyping"
version = "0.2.28"
description = "Type annotations and runtime checking for shape and dtype of JAX arrays, and PyTrees."
optional = false
python-versions = "~=3.9"
files = [
    {file = "jaxtyping-0.2.28-py3-none-any.whl", hash = "sha256:4a54eb964087cd46463d9a86c805b4e4f5c20cce5f22049d6f35a26d9f105bd3"},
    {file = "jaxtyping-0.2.28.tar.gz", hash = "sha256:cd20bf1558a90c6d77c589354e35670ecc5b94925ef45bf1c020fde7b44fac8d"},
]

[package.dependencies]
numpy = ">=1.20.0"
typeguard = "2.13.3"

[[package]]
name = "ml-dtypes"
version = "0.4.0"
description = ""
optional = false
python-versions = ">=3.9"
files = [
    {file = "ml_dtypes-0.4.0-cp310-cp310-macosx_10_9_universal2.whl", hash = "sha256:93afe37f3a879d652ec9ef1fc47612388890660a2657fbb5747256c3b818fd81"},
    {file = "ml_dtypes-0.4.0-cp310-cp310-manylinux_2_17_aarch64.manylinux2014_aarch64.whl", hash = "sha256:2bb83fd064db43e67e67d021e547698af4c8d5c6190f2e9b1c53c09f6ff5531d"},
    {file = "ml_dtypes-0.4.0-cp310-cp310-manylinux_2_17_x86_64.manylinux2014_x86_64.whl", hash = "sha256:03e7cda6ef164eed0abb31df69d2c00c3a5ab3e2610b6d4c42183a43329c72a5"},
    {file = "ml_dtypes-0.4.0-cp310-cp310-win_amd64.whl", hash = "sha256:a15d96d090aebb55ee85173d1775ae325a001aab607a76c8ea0b964ccd6b5364"},
    {file = "ml_dtypes-0.4.0-cp311-cp311-macosx_10_9_universal2.whl", hash = "sha256:bdf689be7351cc3c95110c910c1b864002f113e682e44508910c849e144f3df1"},
    {file = "ml_dtypes-0.4.0-cp311-cp311-manylinux_2_17_aarch64.manylinux2014_aarch64.whl", hash = "sha256:c83e4d443962d891d51669ff241d5aaad10a8d3d37a81c5532a45419885d591c"},
    {file = "ml_dtypes-0.4.0-cp311-cp311-manylinux_2_17_x86_64.manylinux2014_x86_64.whl", hash = "sha256:e1e2f4237b459a63c97c2c9f449baa637d7e4c20addff6a9bac486f22432f3b6"},
    {file = "ml_dtypes-0.4.0-cp311-cp311-win_amd64.whl", hash = "sha256:75b4faf99d0711b81f393db36d210b4255fd419f6f790bc6c1b461f95ffb7a9e"},
    {file = "ml_dtypes-0.4.0-cp312-cp312-macosx_10_9_universal2.whl", hash = "sha256:ee9f91d4c4f9959a7e1051c141dc565f39e54435618152219769e24f5e9a4d06"},
    {file = "ml_dtypes-0.4.0-cp312-cp312-manylinux_2_17_aarch64.manylinux2014_aarch64.whl", hash = "sha256:ad6849a2db386b38e4d54fe13eb3293464561780531a918f8ef4c8169170dd49"},
    {file = "ml_dtypes-0.4.0-cp312-cp312-manylinux_2_17_x86_64.manylinux2014_x86_64.whl", hash = "sha256:eaa32979ebfde3a0d7c947cafbf79edc1ec77ac05ad0780ee86c1d8df70f2259"},
    {file = "ml_dtypes-0.4.0-cp312-cp312-win_amd64.whl", hash = "sha256:3b67ec73a697c88c1122038e0de46520e48dc2ec876d42cf61bc5efe3c0b7675"},
    {file = "ml_dtypes-0.4.0-cp39-cp39-macosx_10_9_universal2.whl", hash = "sha256:41affb38fdfe146e3db226cf2953021184d6f0c4ffab52136613e9601706e368"},
    {file = "ml_dtypes-0.4.0-cp39-cp39-manylinux_2_17_aarch64.manylinux2014_aarch64.whl", hash = "sha256:43cf4356a0fe2eeac6d289018d0734e17a403bdf1fd911953c125dd0358edcc0"},
    {file = "ml_dtypes-0.4.0-cp39-cp39-manylinux_2_17_x86_64.manylinux2014_x86_64.whl", hash = "sha256:f1724ddcdf5edbaf615a62110af47407f1719b8d02e68ccee60683acb5f74da1"},
    {file = "ml_dtypes-0.4.0-cp39-cp39-win_amd64.whl", hash = "sha256:723af6346447268a3cf0b7356e963d80ecb5732b5279b2aa3fa4b9fc8297c85e"},
    {file = "ml_dtypes-0.4.0.tar.gz", hash = "sha256:eaf197e72f4f7176a19fe3cb8b61846b38c6757607e7bf9cd4b1d84cd3e74deb"},
]

[package.dependencies]
numpy = [
    {version = ">=1.26.0", markers = "python_version >= \"3.12\""},
    {version = ">=1.23.3", markers = "python_version >= \"3.11\" and python_version < \"3.12\""},
]

[package.extras]
dev = ["absl-py", "pyink", "pylint (>=2.6.0)", "pytest", "pytest-xdist"]

[[package]]
name = "numpy"
version = "1.26.4"
description = "Fundamental package for array computing in Python"
optional = false
python-versions = ">=3.9"
files = [
    {file = "numpy-1.26.4-cp310-cp310-macosx_10_9_x86_64.whl", hash = "sha256:9ff0f4f29c51e2803569d7a51c2304de5554655a60c5d776e35b4a41413830d0"},
    {file = "numpy-1.26.4-cp310-cp310-macosx_11_0_arm64.whl", hash = "sha256:2e4ee3380d6de9c9ec04745830fd9e2eccb3e6cf790d39d7b98ffd19b0dd754a"},
    {file = "numpy-1.26.4-cp310-cp310-manylinux_2_17_aarch64.manylinux2014_aarch64.whl", hash = "sha256:d209d8969599b27ad20994c8e41936ee0964e6da07478d6c35016bc386b66ad4"},
    {file = "numpy-1.26.4-cp310-cp310-manylinux_2_17_x86_64.manylinux2014_x86_64.whl", hash = "sha256:ffa75af20b44f8dba823498024771d5ac50620e6915abac414251bd971b4529f"},
    {file = "numpy-1.26.4-cp310-cp310-musllinux_1_1_aarch64.whl", hash = "sha256:62b8e4b1e28009ef2846b4c7852046736bab361f7aeadeb6a5b89ebec3c7055a"},
    {file = "numpy-1.26.4-cp310-cp310-musllinux_1_1_x86_64.whl", hash = "sha256:a4abb4f9001ad2858e7ac189089c42178fcce737e4169dc61321660f1a96c7d2"},
    {file = "numpy-1.26.4-cp310-cp310-win32.whl", hash = "sha256:bfe25acf8b437eb2a8b2d49d443800a5f18508cd811fea3181723922a8a82b07"},
    {file = "numpy-1.26.4-cp310-cp310-win_amd64.whl", hash = "sha256:b97fe8060236edf3662adfc2c633f56a08ae30560c56310562cb4f95500022d5"},
    {file = "numpy-1.26.4-cp311-cp311-macosx_10_9_x86_64.whl", hash = "sha256:4c66707fabe114439db9068ee468c26bbdf909cac0fb58686a42a24de1760c71"},
    {file = "numpy-1.26.4-cp311-cp311-macosx_11_0_arm64.whl", hash = "sha256:edd8b5fe47dab091176d21bb6de568acdd906d1887a4584a15a9a96a1dca06ef"},
    {file = "numpy-1.26.4-cp311-cp311-manylinux_2_17_aarch64.manylinux2014_aarch64.whl", hash = "sha256:7ab55401287bfec946ced39700c053796e7cc0e3acbef09993a9ad2adba6ca6e"},
    {file = "numpy-1.26.4-cp311-cp311-manylinux_2_17_x86_64.manylinux2014_x86_64.whl", hash = "sha256:666dbfb6ec68962c033a450943ded891bed2d54e6755e35e5835d63f4f6931d5"},
    {file = "numpy-1.26.4-cp311-cp311-musllinux_1_1_aarch64.whl", hash = "sha256:96ff0b2ad353d8f990b63294c8986f1ec3cb19d749234014f4e7eb0112ceba5a"},
    {file = "numpy-1.26.4-cp311-cp311-musllinux_1_1_x86_64.whl", hash = "sha256:60dedbb91afcbfdc9bc0b1f3f402804070deed7392c23eb7a7f07fa857868e8a"},
    {file = "numpy-1.26.4-cp311-cp311-win32.whl", hash = "sha256:1af303d6b2210eb850fcf03064d364652b7120803a0b872f5211f5234b399f20"},
    {file = "numpy-1.26.4-cp311-cp311-win_amd64.whl", hash = "sha256:cd25bcecc4974d09257ffcd1f098ee778f7834c3ad767fe5db785be9a4aa9cb2"},
    {file = "numpy-1.26.4-cp312-cp312-macosx_10_9_x86_64.whl", hash = "sha256:b3ce300f3644fb06443ee2222c2201dd3a89ea6040541412b8fa189341847218"},
    {file = "numpy-1.26.4-cp312-cp312-macosx_11_0_arm64.whl", hash = "sha256:03a8c78d01d9781b28a6989f6fa1bb2c4f2d51201cf99d3dd875df6fbd96b23b"},
    {file = "numpy-1.26.4-cp312-cp312-manylinux_2_17_aarch64.manylinux2014_aarch64.whl", hash = "sha256:9fad7dcb1aac3c7f0584a5a8133e3a43eeb2fe127f47e3632d43d677c66c102b"},
    {file = "numpy-1.26.4-cp312-cp312-manylinux_2_17_x86_64.manylinux2014_x86_64.whl", hash = "sha256:675d61ffbfa78604709862923189bad94014bef562cc35cf61d3a07bba02a7ed"},
    {file = "numpy-1.26.4-cp312-cp312-musllinux_1_1_aarch64.whl", hash = "sha256:ab47dbe5cc8210f55aa58e4805fe224dac469cde56b9f731a4c098b91917159a"},
    {file = "numpy-1.26.4-cp312-cp312-musllinux_1_1_x86_64.whl", hash = "sha256:1dda2e7b4ec9dd512f84935c5f126c8bd8b9f2fc001e9f54af255e8c5f16b0e0"},
    {file = "numpy-1.26.4-cp312-cp312-win32.whl", hash = "sha256:50193e430acfc1346175fcbdaa28ffec49947a06918b7b92130744e81e640110"},
    {file = "numpy-1.26.4-cp312-cp312-win_amd64.whl", hash = "sha256:08beddf13648eb95f8d867350f6a018a4be2e5ad54c8d8caed89ebca558b2818"},
    {file = "numpy-1.26.4-cp39-cp39-macosx_10_9_x86_64.whl", hash = "sha256:7349ab0fa0c429c82442a27a9673fc802ffdb7c7775fad780226cb234965e53c"},
    {file = "numpy-1.26.4-cp39-cp39-macosx_11_0_arm64.whl", hash = "sha256:52b8b60467cd7dd1e9ed082188b4e6bb35aa5cdd01777621a1658910745b90be"},
    {file = "numpy-1.26.4-cp39-cp39-manylinux_2_17_aarch64.manylinux2014_aarch64.whl", hash = "sha256:d5241e0a80d808d70546c697135da2c613f30e28251ff8307eb72ba696945764"},
    {file = "numpy-1.26.4-cp39-cp39-manylinux_2_17_x86_64.manylinux2014_x86_64.whl", hash = "sha256:f870204a840a60da0b12273ef34f7051e98c3b5961b61b0c2c1be6dfd64fbcd3"},
    {file = "numpy-1.26.4-cp39-cp39-musllinux_1_1_aarch64.whl", hash = "sha256:679b0076f67ecc0138fd2ede3a8fd196dddc2ad3254069bcb9faf9a79b1cebcd"},
    {file = "numpy-1.26.4-cp39-cp39-musllinux_1_1_x86_64.whl", hash = "sha256:47711010ad8555514b434df65f7d7b076bb8261df1ca9bb78f53d3b2db02e95c"},
    {file = "numpy-1.26.4-cp39-cp39-win32.whl", hash = "sha256:a354325ee03388678242a4d7ebcd08b5c727033fcff3b2f536aea978e15ee9e6"},
    {file = "numpy-1.26.4-cp39-cp39-win_amd64.whl", hash = "sha256:3373d5d70a5fe74a2c1bb6d2cfd9609ecf686d47a2d7b1d37a8f3b6bf6003aea"},
    {file = "numpy-1.26.4-pp39-pypy39_pp73-macosx_10_9_x86_64.whl", hash = "sha256:afedb719a9dcfc7eaf2287b839d8198e06dcd4cb5d276a3df279231138e83d30"},
    {file = "numpy-1.26.4-pp39-pypy39_pp73-manylinux_2_17_x86_64.manylinux2014_x86_64.whl", hash = "sha256:95a7476c59002f2f6c590b9b7b998306fba6a5aa646b1e22ddfeaf8f78c3a29c"},
    {file = "numpy-1.26.4-pp39-pypy39_pp73-win_amd64.whl", hash = "sha256:7e50d0a0cc3189f9cb0aeb3a6a6af18c16f59f004b866cd2be1c14b36134a4a0"},
    {file = "numpy-1.26.4.tar.gz", hash = "sha256:2a02aba9ed12e4ac4eb3ea9421c420301a0c6460d9830d74a9df87efa4912010"},
]

[[package]]
name = "opt-einsum"
version = "3.3.0"
description = "Optimizing numpys einsum function"
optional = false
python-versions = ">=3.5"
files = [
    {file = "opt_einsum-3.3.0-py3-none-any.whl", hash = "sha256:2455e59e3947d3c275477df7f5205b30635e266fe6dc300e3d9f9646bfcea147"},
    {file = "opt_einsum-3.3.0.tar.gz", hash = "sha256:59f6475f77bbc37dcf7cd748519c0ec60722e91e63ca114e68821c0c54a46549"},
]

[package.dependencies]
numpy = ">=1.7"

[package.extras]
docs = ["numpydoc", "sphinx (==1.2.3)", "sphinx-rtd-theme", "sphinxcontrib-napoleon"]
tests = ["pytest", "pytest-cov", "pytest-pep8"]

[[package]]
name = "scipy"
version = "1.13.0"
description = "Fundamental algorithms for scientific computing in Python"
optional = false
python-versions = ">=3.9"
files = [
    {file = "scipy-1.13.0-cp310-cp310-macosx_10_9_x86_64.whl", hash = "sha256:ba419578ab343a4e0a77c0ef82f088238a93eef141b2b8017e46149776dfad4d"},
    {file = "scipy-1.13.0-cp310-cp310-macosx_12_0_arm64.whl", hash = "sha256:22789b56a999265431c417d462e5b7f2b487e831ca7bef5edeb56efe4c93f86e"},
    {file = "scipy-1.13.0-cp310-cp310-manylinux_2_17_aarch64.manylinux2014_aarch64.whl", hash = "sha256:05f1432ba070e90d42d7fd836462c50bf98bd08bed0aa616c359eed8a04e3922"},
    {file = "scipy-1.13.0-cp310-cp310-manylinux_2_17_x86_64.manylinux2014_x86_64.whl", hash = "sha256:b8434f6f3fa49f631fae84afee424e2483289dfc30a47755b4b4e6b07b2633a4"},
    {file = "scipy-1.13.0-cp310-cp310-musllinux_1_1_x86_64.whl", hash = "sha256:dcbb9ea49b0167de4167c40eeee6e167caeef11effb0670b554d10b1e693a8b9"},
    {file = "scipy-1.13.0-cp310-cp310-win_amd64.whl", hash = "sha256:1d2f7bb14c178f8b13ebae93f67e42b0a6b0fc50eba1cd8021c9b6e08e8fb1cd"},
    {file = "scipy-1.13.0-cp311-cp311-macosx_10_9_x86_64.whl", hash = "sha256:0fbcf8abaf5aa2dc8d6400566c1a727aed338b5fe880cde64907596a89d576fa"},
    {file = "scipy-1.13.0-cp311-cp311-macosx_12_0_arm64.whl", hash = "sha256:5e4a756355522eb60fcd61f8372ac2549073c8788f6114449b37e9e8104f15a5"},
    {file = "scipy-1.13.0-cp311-cp311-manylinux_2_17_aarch64.manylinux2014_aarch64.whl", hash = "sha256:b5acd8e1dbd8dbe38d0004b1497019b2dbbc3d70691e65d69615f8a7292865d7"},
    {file = "scipy-1.13.0-cp311-cp311-manylinux_2_17_x86_64.manylinux2014_x86_64.whl", hash = "sha256:9ff7dad5d24a8045d836671e082a490848e8639cabb3dbdacb29f943a678683d"},
    {file = "scipy-1.13.0-cp311-cp311-musllinux_1_1_x86_64.whl", hash = "sha256:4dca18c3ffee287ddd3bc8f1dabaf45f5305c5afc9f8ab9cbfab855e70b2df5c"},
    {file = "scipy-1.13.0-cp311-cp311-win_amd64.whl", hash = "sha256:a2f471de4d01200718b2b8927f7d76b5d9bde18047ea0fa8bd15c5ba3f26a1d6"},
    {file = "scipy-1.13.0-cp312-cp312-macosx_10_9_x86_64.whl", hash = "sha256:d0de696f589681c2802f9090fff730c218f7c51ff49bf252b6a97ec4a5d19e8b"},
    {file = "scipy-1.13.0-cp312-cp312-macosx_12_0_arm64.whl", hash = "sha256:b2a3ff461ec4756b7e8e42e1c681077349a038f0686132d623fa404c0bee2551"},
    {file = "scipy-1.13.0-cp312-cp312-manylinux_2_17_aarch64.manylinux2014_aarch64.whl", hash = "sha256:6bf9fe63e7a4bf01d3645b13ff2aa6dea023d38993f42aaac81a18b1bda7a82a"},
    {file = "scipy-1.13.0-cp312-cp312-manylinux_2_17_x86_64.manylinux2014_x86_64.whl", hash = "sha256:1e7626dfd91cdea5714f343ce1176b6c4745155d234f1033584154f60ef1ff42"},
    {file = "scipy-1.13.0-cp312-cp312-musllinux_1_1_x86_64.whl", hash = "sha256:109d391d720fcebf2fbe008621952b08e52907cf4c8c7efc7376822151820820"},
    {file = "scipy-1.13.0-cp312-cp312-win_amd64.whl", hash = "sha256:8930ae3ea371d6b91c203b1032b9600d69c568e537b7988a3073dfe4d4774f21"},
    {file = "scipy-1.13.0-cp39-cp39-macosx_10_9_x86_64.whl", hash = "sha256:5407708195cb38d70fd2d6bb04b1b9dd5c92297d86e9f9daae1576bd9e06f602"},
    {file = "scipy-1.13.0-cp39-cp39-macosx_12_0_arm64.whl", hash = "sha256:ac38c4c92951ac0f729c4c48c9e13eb3675d9986cc0c83943784d7390d540c78"},
    {file = "scipy-1.13.0-cp39-cp39-manylinux_2_17_aarch64.manylinux2014_aarch64.whl", hash = "sha256:09c74543c4fbeb67af6ce457f6a6a28e5d3739a87f62412e4a16e46f164f0ae5"},
    {file = "scipy-1.13.0-cp39-cp39-manylinux_2_17_x86_64.manylinux2014_x86_64.whl", hash = "sha256:28e286bf9ac422d6beb559bc61312c348ca9b0f0dae0d7c5afde7f722d6ea13d"},
    {file = "scipy-1.13.0-cp39-cp39-musllinux_1_1_x86_64.whl", hash = "sha256:33fde20efc380bd23a78a4d26d59fc8704e9b5fd9b08841693eb46716ba13d86"},
    {file = "scipy-1.13.0-cp39-cp39-win_amd64.whl", hash = "sha256:45c08bec71d3546d606989ba6e7daa6f0992918171e2a6f7fbedfa7361c2de1e"},
    {file = "scipy-1.13.0.tar.gz", hash = "sha256:58569af537ea29d3f78e5abd18398459f195546bb3be23d16677fb26616cc11e"},
]

[package.dependencies]
numpy = ">=1.22.4,<2.3"

[package.extras]
dev = ["cython-lint (>=0.12.2)", "doit (>=0.36.0)", "mypy", "pycodestyle", "pydevtool", "rich-click", "ruff", "types-psutil", "typing_extensions"]
doc = ["jupyterlite-pyodide-kernel", "jupyterlite-sphinx (>=0.12.0)", "jupytext", "matplotlib (>=3.5)", "myst-nb", "numpydoc", "pooch", "pydata-sphinx-theme (>=0.15.2)", "sphinx (>=5.0.0)", "sphinx-design (>=0.4.0)"]
test = ["array-api-strict", "asv", "gmpy2", "hypothesis (>=6.30)", "mpmath", "pooch", "pytest", "pytest-cov", "pytest-timeout", "pytest-xdist", "scikit-umfpack", "threadpoolctl"]

[[package]]
name = "typeguard"
version = "2.13.3"
description = "Run-time type checker for Python"
optional = false
python-versions = ">=3.5.3"
files = [
    {file = "typeguard-2.13.3-py3-none-any.whl", hash = "sha256:5e3e3be01e887e7eafae5af63d1f36c849aaa94e3a0112097312aabfa16284f1"},
    {file = "typeguard-2.13.3.tar.gz", hash = "sha256:00edaa8da3a133674796cf5ea87d9f4b4c367d77476e185e80251cc13dfbb8c4"},
]

[package.extras]
doc = ["sphinx-autodoc-typehints (>=1.2.0)", "sphinx-rtd-theme"]
test = ["mypy", "pytest", "typing-extensions"]

[[package]]
name = "typing-extensions"
version = "4.11.0"
description = "Backported and Experimental Type Hints for Python 3.8+"
optional = false
python-versions = ">=3.8"
files = [
    {file = "typing_extensions-4.11.0-py3-none-any.whl", hash = "sha256:c1f94d72897edaf4ce775bb7558d5b79d8126906a14ea5ed1635921406c0387a"},
    {file = "typing_extensions-4.11.0.tar.gz", hash = "sha256:83f085bd5ca59c80295fc2a82ab5dac679cbe02b9f33f7d83af68e241bea51b0"},
]

[metadata]
lock-version = "2.0"
python-versions = "^3.11"
content-hash = "b537f8c6f91cb2638a7f957e83db11795143df9cbabff8bbe4f21ae0ae15fc70"
